
Microsoft Visual Studio Solution File, Format Version 12.00
# Visual Studio Version 17
VisualStudioVersion = 17.8.34322.80
MinimumVisualStudioVersion = 10.0.40219.1
Project("{FAE04EC0-301F-11D3-BF4B-00C04F79EFBC}") = "SteamStorageAPI", "SteamStorageAPI\SteamStorageAPI.csproj", "{24F3F2C5-8E19-45E8-8F3E-3143D46ABE01}"
EndProject
Global
	GlobalSection(SolutionConfigurationPlatforms) = preSolution
		Debug|Any CPU = Debug|Any CPU
		Release|Any CPU = Release|Any CPU
	EndGlobalSection
	GlobalSection(ProjectConfigurationPlatforms) = postSolution
		{24F3F2C5-8E19-45E8-8F3E-3143D46ABE01}.Debug|Any CPU.ActiveCfg = Debug|Any CPU
		{24F3F2C5-8E19-45E8-8F3E-3143D46ABE01}.Debug|Any CPU.Build.0 = Debug|Any CPU
		{24F3F2C5-8E19-45E8-8F3E-3143D46ABE01}.Release|Any CPU.ActiveCfg = Release|Any CPU
		{24F3F2C5-8E19-45E8-8F3E-3143D46ABE01}.Release|Any CPU.Build.0 = Release|Any CPU
	EndGlobalSection
	GlobalSection(SolutionProperties) = preSolution
		HideSolutionNode = FALSE
	EndGlobalSection
	GlobalSection(ExtensibilityGlobals) = postSolution
		SolutionGuid = {709ABBC4-078F-4852-9942-DED62348E03A}
	EndGlobalSection
EndGlobal
